
Microsoft Visual Studio Solution File, Format Version 12.00
# Visual Studio Version 16
VisualStudioVersion = 16.0.31727.386
MinimumVisualStudioVersion = 10.0.40219.1
Project("{9A19103F-16F7-4668-BE54-9A1E7A4F7556}") = "GruppInlUppg", "GruppInlUppg.csproj", "{477A943A-3F8F-478B-AC76-A0451CB4C1FF}"
EndProject
Global
	GlobalSection(SolutionConfigurationPlatforms) = preSolution
		Debug|Any CPU = Debug|Any CPU
		Release|Any CPU = Release|Any CPU
	EndGlobalSection
	GlobalSection(ProjectConfigurationPlatforms) = postSolution
		{477A943A-3F8F-478B-AC76-A0451CB4C1FF}.Debug|Any CPU.ActiveCfg = Debug|Any CPU
		{477A943A-3F8F-478B-AC76-A0451CB4C1FF}.Debug|Any CPU.Build.0 = Debug|Any CPU
		{477A943A-3F8F-478B-AC76-A0451CB4C1FF}.Release|Any CPU.ActiveCfg = Release|Any CPU
		{477A943A-3F8F-478B-AC76-A0451CB4C1FF}.Release|Any CPU.Build.0 = Release|Any CPU
	EndGlobalSection
	GlobalSection(SolutionProperties) = preSolution
		HideSolutionNode = FALSE
	EndGlobalSection
	GlobalSection(ExtensibilityGlobals) = postSolution
		SolutionGuid = {D20AC2C3-574E-4FD0-8A33-749D841EE1E1}
	EndGlobalSection
EndGlobal
